// !$*UTF8*$!
{
	archiveVersion = 1;
	classes = {
	};
	objectVersion = 46;
	objects = {

/* Begin PBXBuildFile section */
		7E1FAE0C1E194E1E00C17017 /* ImageMentionsTableViewCell.swift in Sources */ = {isa = PBXBuildFile; fileRef = 7E1FAE0B1E194E1E00C17017 /* ImageMentionsTableViewCell.swift */; };
		7E1FAE0E1E19509B00C17017 /* UserMentionsTableViewCell.swift in Sources */ = {isa = PBXBuildFile; fileRef = 7E1FAE0D1E19509B00C17017 /* UserMentionsTableViewCell.swift */; };
		7E1FAE101E1950AE00C17017 /* URLMentionsTableViewCell.swift in Sources */ = {isa = PBXBuildFile; fileRef = 7E1FAE0F1E1950AE00C17017 /* URLMentionsTableViewCell.swift */; };
		7E1FAE131E19846C00C17017 /* ViewController+Extensions.swift in Sources */ = {isa = PBXBuildFile; fileRef = 7E1FAE121E19846C00C17017 /* ViewController+Extensions.swift */; };
		7E1FAE151E198A3000C17017 /* GlobalVariables.swift in Sources */ = {isa = PBXBuildFile; fileRef = 7E1FAE141E198A3000C17017 /* GlobalVariables.swift */; };
		7E1FAE171E19B13500C17017 /* ImageViewController.swift in Sources */ = {isa = PBXBuildFile; fileRef = 7E1FAE161E19B13500C17017 /* ImageViewController.swift */; };
		7E3AC6431E1827960072CDD8 /* AppDelegate.swift in Sources */ = {isa = PBXBuildFile; fileRef = 7E3AC6421E1827960072CDD8 /* AppDelegate.swift */; };
		7E3AC6481E1827960072CDD8 /* Main.storyboard in Resources */ = {isa = PBXBuildFile; fileRef = 7E3AC6461E1827960072CDD8 /* Main.storyboard */; };
		7E3AC64A1E1827960072CDD8 /* Assets.xcassets in Resources */ = {isa = PBXBuildFile; fileRef = 7E3AC6491E1827960072CDD8 /* Assets.xcassets */; };
		7E3AC64D1E1827960072CDD8 /* LaunchScreen.storyboard in Resources */ = {isa = PBXBuildFile; fileRef = 7E3AC64B1E1827960072CDD8 /* LaunchScreen.storyboard */; };
		7E3AC6581E1827960072CDD8 /* SmashtagMentionsTests.swift in Sources */ = {isa = PBXBuildFile; fileRef = 7E3AC6571E1827960072CDD8 /* SmashtagMentionsTests.swift */; };
		7E3AC66B1E1828BD0072CDD8 /* MediaItem.swift in Sources */ = {isa = PBXBuildFile; fileRef = 7E3AC6671E1828BD0072CDD8 /* MediaItem.swift */; };
		7E3AC66C1E1828BD0072CDD8 /* Tweet.swift in Sources */ = {isa = PBXBuildFile; fileRef = 7E3AC6681E1828BD0072CDD8 /* Tweet.swift */; };
		7E3AC66D1E1828BD0072CDD8 /* TwitterRequest.swift in Sources */ = {isa = PBXBuildFile; fileRef = 7E3AC6691E1828BD0072CDD8 /* TwitterRequest.swift */; };
		7E3AC66E1E1828BD0072CDD8 /* User.swift in Sources */ = {isa = PBXBuildFile; fileRef = 7E3AC66A1E1828BD0072CDD8 /* User.swift */; };
		7E3AC6701E18293D0072CDD8 /* TweetTableViewController.swift in Sources */ = {isa = PBXBuildFile; fileRef = 7E3AC66F1E18293D0072CDD8 /* TweetTableViewController.swift */; };
		7E3AC6731E1829570072CDD8 /* TweetTableViewCell.swift in Sources */ = {isa = PBXBuildFile; fileRef = 7E3AC6721E1829570072CDD8 /* TweetTableViewCell.swift */; };
		7E3AC6751E18466F0072CDD8 /* MentionsTableViewController.swift in Sources */ = {isa = PBXBuildFile; fileRef = 7E3AC6741E18466F0072CDD8 /* MentionsTableViewController.swift */; };
		7E3AC6771E1848670072CDD8 /* HashtagMentionsTableViewCell.swift in Sources */ = {isa = PBXBuildFile; fileRef = 7E3AC6761E1848660072CDD8 /* HashtagMentionsTableViewCell.swift */; };
		7E3AC6791E185A6E0072CDD8 /* SearchListTableViewController.swift in Sources */ = {isa = PBXBuildFile; fileRef = 7E3AC6781E185A6E0072CDD8 /* SearchListTableViewController.swift */; };
		7E3AC67B1E185B370072CDD8 /* SearchListTableViewCell.swift in Sources */ = {isa = PBXBuildFile; fileRef = 7E3AC67A1E185B370072CDD8 /* SearchListTableViewCell.swift */; };
/* End PBXBuildFile section */

/* Begin PBXContainerItemProxy section */
		7E3AC6541E1827960072CDD8 /* PBXContainerItemProxy */ = {
			isa = PBXContainerItemProxy;
			containerPortal = 7E3AC6371E1827960072CDD8 /* Project object */;
			proxyType = 1;
			remoteGlobalIDString = 7E3AC63E1E1827960072CDD8;
			remoteInfo = SmashtagMentions;
		};
/* End PBXContainerItemProxy section */

/* Begin PBXFileReference section */
		7E1FAE0B1E194E1E00C17017 /* ImageMentionsTableViewCell.swift */ = {isa = PBXFileReference; fileEncoding = 4; lastKnownFileType = sourcecode.swift; path = ImageMentionsTableViewCell.swift; sourceTree = "<group>"; };
		7E1FAE0D1E19509B00C17017 /* UserMentionsTableViewCell.swift */ = {isa = PBXFileReference; fileEncoding = 4; lastKnownFileType = sourcecode.swift; path = UserMentionsTableViewCell.swift; sourceTree = "<group>"; };
		7E1FAE0F1E1950AE00C17017 /* URLMentionsTableViewCell.swift */ = {isa = PBXFileReference; fileEncoding = 4; lastKnownFileType = sourcecode.swift; path = URLMentionsTableViewCell.swift; sourceTree = "<group>"; };
		7E1FAE121E19846C00C17017 /* ViewController+Extensions.swift */ = {isa = PBXFileReference; fileEncoding = 4; lastKnownFileType = sourcecode.swift; path = "ViewController+Extensions.swift"; sourceTree = "<group>"; };
		7E1FAE141E198A3000C17017 /* GlobalVariables.swift */ = {isa = PBXFileReference; fileEncoding = 4; lastKnownFileType = sourcecode.swift; path = GlobalVariables.swift; sourceTree = "<group>"; };
		7E1FAE161E19B13500C17017 /* ImageViewController.swift */ = {isa = PBXFileReference; fileEncoding = 4; lastKnownFileType = sourcecode.swift; path = ImageViewController.swift; sourceTree = "<group>"; };
		7E3AC63F1E1827960072CDD8 /* SmashtagMentions.app */ = {isa = PBXFileReference; explicitFileType = wrapper.application; includeInIndex = 0; path = SmashtagMentions.app; sourceTree = BUILT_PRODUCTS_DIR; };
		7E3AC6421E1827960072CDD8 /* AppDelegate.swift */ = {isa = PBXFileReference; lastKnownFileType = sourcecode.swift; path = AppDelegate.swift; sourceTree = "<group>"; };
		7E3AC6471E1827960072CDD8 /* Base */ = {isa = PBXFileReference; lastKnownFileType = file.storyboard; name = Base; path = Base.lproj/Main.storyboard; sourceTree = "<group>"; };
		7E3AC6491E1827960072CDD8 /* Assets.xcassets */ = {isa = PBXFileReference; lastKnownFileType = folder.assetcatalog; path = Assets.xcassets; sourceTree = "<group>"; };
		7E3AC64C1E1827960072CDD8 /* Base */ = {isa = PBXFileReference; lastKnownFileType = file.storyboard; name = Base; path = Base.lproj/LaunchScreen.storyboard; sourceTree = "<group>"; };
		7E3AC64E1E1827960072CDD8 /* Info.plist */ = {isa = PBXFileReference; lastKnownFileType = text.plist.xml; path = Info.plist; sourceTree = "<group>"; };
		7E3AC6531E1827960072CDD8 /* SmashtagMentionsTests.xctest */ = {isa = PBXFileReference; explicitFileType = wrapper.cfbundle; includeInIndex = 0; path = SmashtagMentionsTests.xctest; sourceTree = BUILT_PRODUCTS_DIR; };
		7E3AC6571E1827960072CDD8 /* SmashtagMentionsTests.swift */ = {isa = PBXFileReference; lastKnownFileType = sourcecode.swift; path = SmashtagMentionsTests.swift; sourceTree = "<group>"; };
		7E3AC6591E1827960072CDD8 /* Info.plist */ = {isa = PBXFileReference; lastKnownFileType = text.plist.xml; path = Info.plist; sourceTree = "<group>"; };
		7E3AC6671E1828BD0072CDD8 /* MediaItem.swift */ = {isa = PBXFileReference; fileEncoding = 4; lastKnownFileType = sourcecode.swift; name = MediaItem.swift; path = Twitter/MediaItem.swift; sourceTree = "<group>"; };
		7E3AC6681E1828BD0072CDD8 /* Tweet.swift */ = {isa = PBXFileReference; fileEncoding = 4; lastKnownFileType = sourcecode.swift; name = Tweet.swift; path = Twitter/Tweet.swift; sourceTree = "<group>"; };
		7E3AC6691E1828BD0072CDD8 /* TwitterRequest.swift */ = {isa = PBXFileReference; fileEncoding = 4; lastKnownFileType = sourcecode.swift; name = TwitterRequest.swift; path = Twitter/TwitterRequest.swift; sourceTree = "<group>"; };
		7E3AC66A1E1828BD0072CDD8 /* User.swift */ = {isa = PBXFileReference; fileEncoding = 4; lastKnownFileType = sourcecode.swift; name = User.swift; path = Twitter/User.swift; sourceTree = "<group>"; };
		7E3AC66F1E18293D0072CDD8 /* TweetTableViewController.swift */ = {isa = PBXFileReference; fileEncoding = 4; lastKnownFileType = sourcecode.swift; path = TweetTableViewController.swift; sourceTree = "<group>"; };
		7E3AC6721E1829570072CDD8 /* TweetTableViewCell.swift */ = {isa = PBXFileReference; fileEncoding = 4; lastKnownFileType = sourcecode.swift; path = TweetTableViewCell.swift; sourceTree = "<group>"; };
		7E3AC6741E18466F0072CDD8 /* MentionsTableViewController.swift */ = {isa = PBXFileReference; fileEncoding = 4; lastKnownFileType = sourcecode.swift; path = MentionsTableViewController.swift; sourceTree = "<group>"; };
		7E3AC6761E1848660072CDD8 /* HashtagMentionsTableViewCell.swift */ = {isa = PBXFileReference; fileEncoding = 4; lastKnownFileType = sourcecode.swift; path = HashtagMentionsTableViewCell.swift; sourceTree = "<group>"; };
		7E3AC6781E185A6E0072CDD8 /* SearchListTableViewController.swift */ = {isa = PBXFileReference; fileEncoding = 4; lastKnownFileType = sourcecode.swift; path = SearchListTableViewController.swift; sourceTree = "<group>"; };
		7E3AC67A1E185B370072CDD8 /* SearchListTableViewCell.swift */ = {isa = PBXFileReference; fileEncoding = 4; lastKnownFileType = sourcecode.swift; path = SearchListTableViewCell.swift; sourceTree = "<group>"; };
/* End PBXFileReference section */

/* Begin PBXFrameworksBuildPhase section */
		7E3AC63C1E1827960072CDD8 /* Frameworks */ = {
			isa = PBXFrameworksBuildPhase;
			buildActionMask = 2147483647;
			files = (
			);
			runOnlyForDeploymentPostprocessing = 0;
		};
		7E3AC6501E1827960072CDD8 /* Frameworks */ = {
			isa = PBXFrameworksBuildPhase;
			buildActionMask = 2147483647;
			files = (
			);
			runOnlyForDeploymentPostprocessing = 0;
		};
/* End PBXFrameworksBuildPhase section */

/* Begin PBXGroup section */
		7E1FAE111E19844C00C17017 /* Extensions */ = {
			isa = PBXGroup;
			children = (
				7E1FAE121E19846C00C17017 /* ViewController+Extensions.swift */,
			);
			name = Extensions;
			sourceTree = "<group>";
		};
		7E3AC6361E1827960072CDD8 = {
			isa = PBXGroup;
			children = (
				7E3AC6411E1827960072CDD8 /* SmashtagMentions */,
				7E3AC6561E1827960072CDD8 /* SmashtagMentionsTests */,
				7E3AC6401E1827960072CDD8 /* Products */,
			);
			sourceTree = "<group>";
		};
		7E3AC6401E1827960072CDD8 /* Products */ = {
			isa = PBXGroup;
			children = (
				7E3AC63F1E1827960072CDD8 /* SmashtagMentions.app */,
				7E3AC6531E1827960072CDD8 /* SmashtagMentionsTests.xctest */,
			);
			name = Products;
			sourceTree = "<group>";
		};
		7E3AC6411E1827960072CDD8 /* SmashtagMentions */ = {
			isa = PBXGroup;
			children = (
				7E3AC6421E1827960072CDD8 /* AppDelegate.swift */,
				7E3AC6711E1829450072CDD8 /* Cells */,
				7E3AC6631E1827BD0072CDD8 /* Controllers */,
				7E1FAE111E19844C00C17017 /* Extensions */,
				7E3AC6661E1827DC0072CDD8 /* Models */,
				7E3AC6621E1827B20072CDD8 /* Storyboards */,
				7E3AC6641E1827C90072CDD8 /* Supporting Files */,
				7E3AC6651E1827D50072CDD8 /* Twitter */,
			);
			path = SmashtagMentions;
			sourceTree = "<group>";
		};
		7E3AC6561E1827960072CDD8 /* SmashtagMentionsTests */ = {
			isa = PBXGroup;
			children = (
				7E3AC6571E1827960072CDD8 /* SmashtagMentionsTests.swift */,
				7E3AC6591E1827960072CDD8 /* Info.plist */,
			);
			path = SmashtagMentionsTests;
			sourceTree = "<group>";
		};
		7E3AC6621E1827B20072CDD8 /* Storyboards */ = {
			isa = PBXGroup;
			children = (
				7E3AC6461E1827960072CDD8 /* Main.storyboard */,
				7E3AC64B1E1827960072CDD8 /* LaunchScreen.storyboard */,
			);
			name = Storyboards;
			sourceTree = "<group>";
		};
		7E3AC6631E1827BD0072CDD8 /* Controllers */ = {
			isa = PBXGroup;
			children = (
				7E1FAE161E19B13500C17017 /* ImageViewController.swift */,
				7E3AC6741E18466F0072CDD8 /* MentionsTableViewController.swift */,
				7E3AC6781E185A6E0072CDD8 /* SearchListTableViewController.swift */,
				7E3AC66F1E18293D0072CDD8 /* TweetTableViewController.swift */,
			);
			name = Controllers;
			sourceTree = "<group>";
		};
		7E3AC6641E1827C90072CDD8 /* Supporting Files */ = {
			isa = PBXGroup;
			children = (
				7E3AC6491E1827960072CDD8 /* Assets.xcassets */,
				7E3AC64E1E1827960072CDD8 /* Info.plist */,
			);
			name = "Supporting Files";
			sourceTree = "<group>";
		};
		7E3AC6651E1827D50072CDD8 /* Twitter */ = {
			isa = PBXGroup;
			children = (
				7E3AC6671E1828BD0072CDD8 /* MediaItem.swift */,
				7E3AC6681E1828BD0072CDD8 /* Tweet.swift */,
				7E3AC6691E1828BD0072CDD8 /* TwitterRequest.swift */,
				7E3AC66A1E1828BD0072CDD8 /* User.swift */,
			);
			name = Twitter;
			sourceTree = "<group>";
		};
		7E3AC6661E1827DC0072CDD8 /* Models */ = {
			isa = PBXGroup;
			children = (
				7E1FAE141E198A3000C17017 /* GlobalVariables.swift */,
			);
			name = Models;
			sourceTree = "<group>";
		};
		7E3AC6711E1829450072CDD8 /* Cells */ = {
			isa = PBXGroup;
			children = (
				7E3AC6761E1848660072CDD8 /* HashtagMentionsTableViewCell.swift */,
				7E1FAE0B1E194E1E00C17017 /* ImageMentionsTableViewCell.swift */,
				7E3AC67A1E185B370072CDD8 /* SearchListTableViewCell.swift */,
				7E3AC6721E1829570072CDD8 /* TweetTableViewCell.swift */,
				7E1FAE0F1E1950AE00C17017 /* URLMentionsTableViewCell.swift */,
				7E1FAE0D1E19509B00C17017 /* UserMentionsTableViewCell.swift */,
			);
			name = Cells;
			sourceTree = "<group>";
		};
/* End PBXGroup section */

/* Begin PBXNativeTarget section */
		7E3AC63E1E1827960072CDD8 /* SmashtagMentions */ = {
			isa = PBXNativeTarget;
			buildConfigurationList = 7E3AC65C1E1827960072CDD8 /* Build configuration list for PBXNativeTarget "SmashtagMentions" */;
			buildPhases = (
				7E3AC63B1E1827960072CDD8 /* Sources */,
				7E3AC63C1E1827960072CDD8 /* Frameworks */,
				7E3AC63D1E1827960072CDD8 /* Resources */,
			);
			buildRules = (
			);
			dependencies = (
			);
			name = SmashtagMentions;
			productName = SmashtagMentions;
			productReference = 7E3AC63F1E1827960072CDD8 /* SmashtagMentions.app */;
			productType = "com.apple.product-type.application";
		};
		7E3AC6521E1827960072CDD8 /* SmashtagMentionsTests */ = {
			isa = PBXNativeTarget;
			buildConfigurationList = 7E3AC65F1E1827960072CDD8 /* Build configuration list for PBXNativeTarget "SmashtagMentionsTests" */;
			buildPhases = (
				7E3AC64F1E1827960072CDD8 /* Sources */,
				7E3AC6501E1827960072CDD8 /* Frameworks */,
				7E3AC6511E1827960072CDD8 /* Resources */,
			);
			buildRules = (
			);
			dependencies = (
				7E3AC6551E1827960072CDD8 /* PBXTargetDependency */,
			);
			name = SmashtagMentionsTests;
			productName = SmashtagMentionsTests;
			productReference = 7E3AC6531E1827960072CDD8 /* SmashtagMentionsTests.xctest */;
			productType = "com.apple.product-type.bundle.unit-test";
		};
/* End PBXNativeTarget section */

/* Begin PBXProject section */
		7E3AC6371E1827960072CDD8 /* Project object */ = {
			isa = PBXProject;
			attributes = {
				LastSwiftUpdateCheck = 0820;
				LastUpgradeCheck = 0820;
				ORGANIZATIONNAME = "Mike Vork";
				TargetAttributes = {
					7E3AC63E1E1827960072CDD8 = {
						CreatedOnToolsVersion = 8.2.1;
						DevelopmentTeam = JNR8436L9N;
						ProvisioningStyle = Automatic;
					};
					7E3AC6521E1827960072CDD8 = {
						CreatedOnToolsVersion = 8.2.1;
						DevelopmentTeam = JNR8436L9N;
						ProvisioningStyle = Automatic;
						TestTargetID = 7E3AC63E1E1827960072CDD8;
					};
				};
			};
			buildConfigurationList = 7E3AC63A1E1827960072CDD8 /* Build configuration list for PBXProject "SmashtagMentions" */;
			compatibilityVersion = "Xcode 3.2";
			developmentRegion = English;
			hasScannedForEncodings = 0;
			knownRegions = (
				en,
				Base,
			);
			mainGroup = 7E3AC6361E1827960072CDD8;
			productRefGroup = 7E3AC6401E1827960072CDD8 /* Products */;
			projectDirPath = "";
			projectRoot = "";
			targets = (
				7E3AC63E1E1827960072CDD8 /* SmashtagMentions */,
				7E3AC6521E1827960072CDD8 /* SmashtagMentionsTests */,
			);
		};
/* End PBXProject section */

/* Begin PBXResourcesBuildPhase section */
		7E3AC63D1E1827960072CDD8 /* Resources */ = {
			isa = PBXResourcesBuildPhase;
			buildActionMask = 2147483647;
			files = (
				7E3AC64D1E1827960072CDD8 /* LaunchScreen.storyboard in Resources */,
				7E3AC64A1E1827960072CDD8 /* Assets.xcassets in Resources */,
				7E3AC6481E1827960072CDD8 /* Main.storyboard in Resources */,
			);
			runOnlyForDeploymentPostprocessing = 0;
		};
		7E3AC6511E1827960072CDD8 /* Resources */ = {
			isa = PBXResourcesBuildPhase;
			buildActionMask = 2147483647;
			files = (
			);
			runOnlyForDeploymentPostprocessing = 0;
		};
/* End PBXResourcesBuildPhase section */

/* Begin PBXSourcesBuildPhase section */
		7E3AC63B1E1827960072CDD8 /* Sources */ = {
			isa = PBXSourcesBuildPhase;
			buildActionMask = 2147483647;
			files = (
				7E1FAE101E1950AE00C17017 /* URLMentionsTableViewCell.swift in Sources */,
				7E1FAE131E19846C00C17017 /* ViewController+Extensions.swift in Sources */,
				7E3AC6771E1848670072CDD8 /* HashtagMentionsTableViewCell.swift in Sources */,
				7E1FAE171E19B13500C17017 /* ImageViewController.swift in Sources */,
				7E3AC6791E185A6E0072CDD8 /* SearchListTableViewController.swift in Sources */,
				7E3AC6751E18466F0072CDD8 /* MentionsTableViewController.swift in Sources */,
				7E3AC6701E18293D0072CDD8 /* TweetTableViewController.swift in Sources */,
				7E3AC66D1E1828BD0072CDD8 /* TwitterRequest.swift in Sources */,
				7E3AC66E1E1828BD0072CDD8 /* User.swift in Sources */,
				7E3AC6431E1827960072CDD8 /* AppDelegate.swift in Sources */,
				7E3AC66B1E1828BD0072CDD8 /* MediaItem.swift in Sources */,
				7E1FAE151E198A3000C17017 /* GlobalVariables.swift in Sources */,
				7E1FAE0C1E194E1E00C17017 /* ImageMentionsTableViewCell.swift in Sources */,
				7E3AC67B1E185B370072CDD8 /* SearchListTableViewCell.swift in Sources */,
				7E3AC66C1E1828BD0072CDD8 /* Tweet.swift in Sources */,
				7E3AC6731E1829570072CDD8 /* TweetTableViewCell.swift in Sources */,
				7E1FAE0E1E19509B00C17017 /* UserMentionsTableViewCell.swift in Sources */,
			);
			runOnlyForDeploymentPostprocessing = 0;
		};
		7E3AC64F1E1827960072CDD8 /* Sources */ = {
			isa = PBXSourcesBuildPhase;
			buildActionMask = 2147483647;
			files = (
				7E3AC6581E1827960072CDD8 /* SmashtagMentionsTests.swift in Sources */,
			);
			runOnlyForDeploymentPostprocessing = 0;
		};
/* End PBXSourcesBuildPhase section */

/* Begin PBXTargetDependency section */
		7E3AC6551E1827960072CDD8 /* PBXTargetDependency */ = {
			isa = PBXTargetDependency;
			target = 7E3AC63E1E1827960072CDD8 /* SmashtagMentions */;
			targetProxy = 7E3AC6541E1827960072CDD8 /* PBXContainerItemProxy */;
		};
/* End PBXTargetDependency section */

/* Begin PBXVariantGroup section */
		7E3AC6461E1827960072CDD8 /* Main.storyboard */ = {
			isa = PBXVariantGroup;
			children = (
				7E3AC6471E1827960072CDD8 /* Base */,
			);
			name = Main.storyboard;
			sourceTree = "<group>";
		};
		7E3AC64B1E1827960072CDD8 /* LaunchScreen.storyboard */ = {
			isa = PBXVariantGroup;
			children = (
				7E3AC64C1E1827960072CDD8 /* Base */,
			);
			name = LaunchScreen.storyboard;
			sourceTree = "<group>";
		};
/* End PBXVariantGroup section */

/* Begin XCBuildConfiguration section */
		7E3AC65A1E1827960072CDD8 /* Debug */ = {
			isa = XCBuildConfiguration;
			buildSettings = {
				ALWAYS_SEARCH_USER_PATHS = NO;
				CLANG_ANALYZER_NONNULL = YES;
				CLANG_CXX_LANGUAGE_STANDARD = "gnu++0x";
				CLANG_CXX_LIBRARY = "libc++";
				CLANG_ENABLE_MODULES = YES;
				CLANG_ENABLE_OBJC_ARC = YES;
				CLANG_WARN_BOOL_CONVERSION = YES;
				CLANG_WARN_CONSTANT_CONVERSION = YES;
				CLANG_WARN_DIRECT_OBJC_ISA_USAGE = YES_ERROR;
				CLANG_WARN_DOCUMENTATION_COMMENTS = YES;
				CLANG_WARN_EMPTY_BODY = YES;
				CLANG_WARN_ENUM_CONVERSION = YES;
				CLANG_WARN_INFINITE_RECURSION = YES;
				CLANG_WARN_INT_CONVERSION = YES;
				CLANG_WARN_OBJC_ROOT_CLASS = YES_ERROR;
				CLANG_WARN_SUSPICIOUS_MOVE = YES;
				CLANG_WARN_UNREACHABLE_CODE = YES;
				CLANG_WARN__DUPLICATE_METHOD_MATCH = YES;
				"CODE_SIGN_IDENTITY[sdk=iphoneos*]" = "iPhone Developer";
				COPY_PHASE_STRIP = NO;
				DEBUG_INFORMATION_FORMAT = dwarf;
				ENABLE_STRICT_OBJC_MSGSEND = YES;
				ENABLE_TESTABILITY = YES;
				GCC_C_LANGUAGE_STANDARD = gnu99;
				GCC_DYNAMIC_NO_PIC = NO;
				GCC_NO_COMMON_BLOCKS = YES;
				GCC_OPTIMIZATION_LEVEL = 0;
				GCC_PREPROCESSOR_DEFINITIONS = (
					"DEBUG=1",
					"$(inherited)",
				);
				GCC_WARN_64_TO_32_BIT_CONVERSION = YES;
				GCC_WARN_ABOUT_RETURN_TYPE = YES_ERROR;
				GCC_WARN_UNDECLARED_SELECTOR = YES;
				GCC_WARN_UNINITIALIZED_AUTOS = YES_AGGRESSIVE;
				GCC_WARN_UNUSED_FUNCTION = YES;
				GCC_WARN_UNUSED_VARIABLE = YES;
				IPHONEOS_DEPLOYMENT_TARGET = 10.2;
				MTL_ENABLE_DEBUG_INFO = YES;
				ONLY_ACTIVE_ARCH = YES;
				SDKROOT = iphoneos;
				SWIFT_ACTIVE_COMPILATION_CONDITIONS = DEBUG;
				SWIFT_OPTIMIZATION_LEVEL = "-Onone";
			};
			name = Debug;
		};
		7E3AC65B1E1827960072CDD8 /* Release */ = {
			isa = XCBuildConfiguration;
			buildSettings = {
				ALWAYS_SEARCH_USER_PATHS = NO;
				CLANG_ANALYZER_NONNULL = YES;
				CLANG_CXX_LANGUAGE_STANDARD = "gnu++0x";
				CLANG_CXX_LIBRARY = "libc++";
				CLANG_ENABLE_MODULES = YES;
				CLANG_ENABLE_OBJC_ARC = YES;
				CLANG_WARN_BOOL_CONVERSION = YES;
				CLANG_WARN_CONSTANT_CONVERSION = YES;
				CLANG_WARN_DIRECT_OBJC_ISA_USAGE = YES_ERROR;
				CLANG_WARN_DOCUMENTATION_COMMENTS = YES;
				CLANG_WARN_EMPTY_BODY = YES;
				CLANG_WARN_ENUM_CONVERSION = YES;
				CLANG_WARN_INFINITE_RECURSION = YES;
				CLANG_WARN_INT_CONVERSION = YES;
				CLANG_WARN_OBJC_ROOT_CLASS = YES_ERROR;
				CLANG_WARN_SUSPICIOUS_MOVE = YES;
				CLANG_WARN_UNREACHABLE_CODE = YES;
				CLANG_WARN__DUPLICATE_METHOD_MATCH = YES;
				"CODE_SIGN_IDENTITY[sdk=iphoneos*]" = "iPhone Developer";
				COPY_PHASE_STRIP = NO;
				DEBUG_INFORMATION_FORMAT = "dwarf-with-dsym";
				ENABLE_NS_ASSERTIONS = NO;
				ENABLE_STRICT_OBJC_MSGSEND = YES;
				GCC_C_LANGUAGE_STANDARD = gnu99;
				GCC_NO_COMMON_BLOCKS = YES;
				GCC_WARN_64_TO_32_BIT_CONVERSION = YES;
				GCC_WARN_ABOUT_RETURN_TYPE = YES_ERROR;
				GCC_WARN_UNDECLARED_SELECTOR = YES;
				GCC_WARN_UNINITIALIZED_AUTOS = YES_AGGRESSIVE;
				GCC_WARN_UNUSED_FUNCTION = YES;
				GCC_WARN_UNUSED_VARIABLE = YES;
				IPHONEOS_DEPLOYMENT_TARGET = 10.2;
				MTL_ENABLE_DEBUG_INFO = NO;
				SDKROOT = iphoneos;
				SWIFT_OPTIMIZATION_LEVEL = "-Owholemodule";
				VALIDATE_PRODUCT = YES;
			};
			name = Release;
		};
		7E3AC65D1E1827960072CDD8 /* Debug */ = {
			isa = XCBuildConfiguration;
			buildSettings = {
				ASSETCATALOG_COMPILER_APPICON_NAME = AppIcon;
				DEVELOPMENT_TEAM = JNR8436L9N;
				INFOPLIST_FILE = SmashtagMentions/Info.plist;
				LD_RUNPATH_SEARCH_PATHS = "$(inherited) @executable_path/Frameworks";
				PRODUCT_BUNDLE_IDENTIFIER = com.momentumsoft.SmashtagMentions;
				PRODUCT_NAME = "$(TARGET_NAME)";
				SWIFT_VERSION = 3.0;
			};
			name = Debug;
		};
		7E3AC65E1E1827960072CDD8 /* Release */ = {
			isa = XCBuildConfiguration;
			buildSettings = {
				ASSETCATALOG_COMPILER_APPICON_NAME = AppIcon;
				DEVELOPMENT_TEAM = JNR8436L9N;
				INFOPLIST_FILE = SmashtagMentions/Info.plist;
				LD_RUNPATH_SEARCH_PATHS = "$(inherited) @executable_path/Frameworks";
				PRODUCT_BUNDLE_IDENTIFIER = com.momentumsoft.SmashtagMentions;
				PRODUCT_NAME = "$(TARGET_NAME)";
				SWIFT_VERSION = 3.0;
			};
			name = Release;
		};
		7E3AC6601E1827960072CDD8 /* Debug */ = {
			isa = XCBuildConfiguration;
			buildSettings = {
				ALWAYS_EMBED_SWIFT_STANDARD_LIBRARIES = YES;
				BUNDLE_LOADER = "$(TEST_HOST)";
				DEVELOPMENT_TEAM = JNR8436L9N;
				INFOPLIST_FILE = SmashtagMentionsTests/Info.plist;
				LD_RUNPATH_SEARCH_PATHS = "$(inherited) @executable_path/Frameworks @loader_path/Frameworks";
				PRODUCT_BUNDLE_IDENTIFIER = com.momentumsoft.SmashtagMentionsTests;
				PRODUCT_NAME = "$(TARGET_NAME)";
				SWIFT_VERSION = 3.0;
				TEST_HOST = "$(BUILT_PRODUCTS_DIR)/SmashtagMentions.app/SmashtagMentions";
			};
			name = Debug;
		};
		7E3AC6611E1827960072CDD8 /* Release */ = {
			isa = XCBuildConfiguration;
			buildSettings = {
				ALWAYS_EMBED_SWIFT_STANDARD_LIBRARIES = YES;
				BUNDLE_LOADER = "$(TEST_HOST)";
				DEVELOPMENT_TEAM = JNR8436L9N;
				INFOPLIST_FILE = SmashtagMentionsTests/Info.plist;
				LD_RUNPATH_SEARCH_PATHS = "$(inherited) @executable_path/Frameworks @loader_path/Frameworks";
				PRODUCT_BUNDLE_IDENTIFIER = com.momentumsoft.SmashtagMentionsTests;
				PRODUCT_NAME = "$(TARGET_NAME)";
				SWIFT_VERSION = 3.0;
				TEST_HOST = "$(BUILT_PRODUCTS_DIR)/SmashtagMentions.app/SmashtagMentions";
			};
			name = Release;
		};
/* End XCBuildConfiguration section */

/* Begin XCConfigurationList section */
		7E3AC63A1E1827960072CDD8 /* Build configuration list for PBXProject "SmashtagMentions" */ = {
			isa = XCConfigurationList;
			buildConfigurations = (
				7E3AC65A1E1827960072CDD8 /* Debug */,
				7E3AC65B1E1827960072CDD8 /* Release */,
			);
			defaultConfigurationIsVisible = 0;
			defaultConfigurationName = Release;
		};
		7E3AC65C1E1827960072CDD8 /* Build configuration list for PBXNativeTarget "SmashtagMentions" */ = {
			isa = XCConfigurationList;
			buildConfigurations = (
				7E3AC65D1E1827960072CDD8 /* Debug */,
				7E3AC65E1E1827960072CDD8 /* Release */,
			);
			defaultConfigurationIsVisible = 0;
			defaultConfigurationName = Release;
		};
		7E3AC65F1E1827960072CDD8 /* Build configuration list for PBXNativeTarget "SmashtagMentionsTests" */ = {
			isa = XCConfigurationList;
			buildConfigurations = (
				7E3AC6601E1827960072CDD8 /* Debug */,
				7E3AC6611E1827960072CDD8 /* Release */,
			);
			defaultConfigurationIsVisible = 0;
			defaultConfigurationName = Release;
		};
/* End XCConfigurationList section */
	};
	rootObject = 7E3AC6371E1827960072CDD8 /* Project object */;
}
